
Microsoft Visual Studio Solution File, Format Version 12.00
# Visual Studio 14
VisualStudioVersion = 14.0.24720.0
MinimumVisualStudioVersion = 10.0.40219.1
Project("{FAE04EC0-301F-11D3-BF4B-00C04F79EFBC}") = "SmartHome.Windows", "SmartHome.Windows\SmartHome.Windows.csproj", "{2D6FA565-E986-459C-877D-D62C40DD4FD3}"
EndProject
Project("{2150E333-8FDC-42A3-9474-1A3956D46DE8}") = "Samples", "Samples", "{8EA90A41-747A-4B41-BFD3-136D2F325DA6}"
EndProject
Project("{FAE04EC0-301F-11D3-BF4B-00C04F79EFBC}") = "CreateDeviceIdentity", "Samples\CreateDeviceIdentity\CreateDeviceIdentity.csproj", "{8CB808CC-6CB3-4E56-9150-177A034507DC}"
EndProject
Project("{FAE04EC0-301F-11D3-BF4B-00C04F79EFBC}") = "ProcessD2cInteractiveMessages", "Samples\ProcessD2cInteractiveMessages\ProcessD2cInteractiveMessages.csproj", "{5AFC047C-2BBC-41C7-8BB7-1A58BA92DA59}"
EndProject
Project("{FAE04EC0-301F-11D3-BF4B-00C04F79EFBC}") = "ProcessDeviceToCloudMessages", "Samples\ProcessDeviceToCloudMessages\ProcessDeviceToCloudMessages.csproj", "{9B024C79-F979-40EA-B8D0-FEDBBE88D380}"
EndProject
Project("{FAE04EC0-301F-11D3-BF4B-00C04F79EFBC}") = "ReadDeviceToCloudMessages", "Samples\ReadDeviceToCloudMessages\ReadDeviceToCloudMessages.csproj", "{DB8029DD-25F4-451E-B389-83C9F67CEF22}"
EndProject
Project("{FAE04EC0-301F-11D3-BF4B-00C04F79EFBC}") = "SendCloudToDevice", "Samples\SendCloudToDevice\SendCloudToDevice.csproj", "{9743A710-75DB-4CB8-8E75-ACE1ED254649}"
EndProject
Project("{FAE04EC0-301F-11D3-BF4B-00C04F79EFBC}") = "SimulatedDevice", "Samples\SimulatedDevice\SimulatedDevice.csproj", "{45DD4005-D9CA-4B9F-97AC-43EC56485BC7}"
EndProject
Project("{9092AA53-FB77-4645-B42D-1CCCA6BD08BD}") = "SmartHome.Server", "SmartHome.Server\SmartHome.Server.njsproj", "{54577F5A-256F-4B90-A684-6088F3CA6291}"
EndProject
Project("{FAE04EC0-301F-11D3-BF4B-00C04F79EFBC}") = "SmartHome.VoiceCommandService", "SmartHome.VoiceCommandService\SmartHome.VoiceCommandService.csproj", "{E4FEE35F-13DC-4234-A8C9-C2A14BA6FD17}"
EndProject
Project("{FAE04EC0-301F-11D3-BF4B-00C04F79EFBC}") = "VoiceCommandService", "VoiceCommandService\VoiceCommandService.csproj", "{D9AFC7C2-1919-43B8-B727-03198025434C}"
EndProject
Project("{FAE04EC0-301F-11D3-BF4B-00C04F79EFBC}") = "SmartHome.WindowsUniversal", "SmartHome.WindowsUniversal\SmartHome.WindowsUniversal.csproj", "{DC30CE66-DAEE-4CCF-BD02-8837FE918B6F}"
EndProject
Global
	GlobalSection(SolutionConfigurationPlatforms) = preSolution
		Debug|Any CPU = Debug|Any CPU
		Debug|ARM = Debug|ARM
		Debug|x64 = Debug|x64
		Debug|x86 = Debug|x86
		Release|Any CPU = Release|Any CPU
		Release|ARM = Release|ARM
		Release|x64 = Release|x64
		Release|x86 = Release|x86
	EndGlobalSection
	GlobalSection(ProjectConfigurationPlatforms) = postSolution
		{2D6FA565-E986-459C-877D-D62C40DD4FD3}.Debug|Any CPU.ActiveCfg = Debug|x86
		{2D6FA565-E986-459C-877D-D62C40DD4FD3}.Debug|Any CPU.Build.0 = Debug|x86
		{2D6FA565-E986-459C-877D-D62C40DD4FD3}.Debug|Any CPU.Deploy.0 = Debug|x86
		{2D6FA565-E986-459C-877D-D62C40DD4FD3}.Debug|ARM.ActiveCfg = Debug|ARM
		{2D6FA565-E986-459C-877D-D62C40DD4FD3}.Debug|ARM.Build.0 = Debug|ARM
		{2D6FA565-E986-459C-877D-D62C40DD4FD3}.Debug|ARM.Deploy.0 = Debug|ARM
		{2D6FA565-E986-459C-877D-D62C40DD4FD3}.Debug|x64.ActiveCfg = Debug|x64
		{2D6FA565-E986-459C-877D-D62C40DD4FD3}.Debug|x64.Build.0 = Debug|x64
		{2D6FA565-E986-459C-877D-D62C40DD4FD3}.Debug|x64.Deploy.0 = Debug|x64
		{2D6FA565-E986-459C-877D-D62C40DD4FD3}.Debug|x86.ActiveCfg = Debug|x86
		{2D6FA565-E986-459C-877D-D62C40DD4FD3}.Debug|x86.Build.0 = Debug|x86
		{2D6FA565-E986-459C-877D-D62C40DD4FD3}.Debug|x86.Deploy.0 = Debug|x86
		{2D6FA565-E986-459C-877D-D62C40DD4FD3}.Release|Any CPU.ActiveCfg = Release|x86
		{2D6FA565-E986-459C-877D-D62C40DD4FD3}.Release|ARM.ActiveCfg = Release|ARM
		{2D6FA565-E986-459C-877D-D62C40DD4FD3}.Release|ARM.Build.0 = Release|ARM
		{2D6FA565-E986-459C-877D-D62C40DD4FD3}.Release|ARM.Deploy.0 = Release|ARM
		{2D6FA565-E986-459C-877D-D62C40DD4FD3}.Release|x64.ActiveCfg = Release|x64
		{2D6FA565-E986-459C-877D-D62C40DD4FD3}.Release|x64.Build.0 = Release|x64
		{2D6FA565-E986-459C-877D-D62C40DD4FD3}.Release|x64.Deploy.0 = Release|x64
		{2D6FA565-E986-459C-877D-D62C40DD4FD3}.Release|x86.ActiveCfg = Release|x86
		{2D6FA565-E986-459C-877D-D62C40DD4FD3}.Release|x86.Build.0 = Release|x86
		{2D6FA565-E986-459C-877D-D62C40DD4FD3}.Release|x86.Deploy.0 = Release|x86
		{8CB808CC-6CB3-4E56-9150-177A034507DC}.Debug|Any CPU.ActiveCfg = Debug|Any CPU
		{8CB808CC-6CB3-4E56-9150-177A034507DC}.Debug|Any CPU.Build.0 = Debug|Any CPU
		{8CB808CC-6CB3-4E56-9150-177A034507DC}.Debug|ARM.ActiveCfg = Debug|Any CPU
		{8CB808CC-6CB3-4E56-9150-177A034507DC}.Debug|ARM.Build.0 = Debug|Any CPU
		{8CB808CC-6CB3-4E56-9150-177A034507DC}.Debug|x64.ActiveCfg = Debug|Any CPU
		{8CB808CC-6CB3-4E56-9150-177A034507DC}.Debug|x64.Build.0 = Debug|Any CPU
		{8CB808CC-6CB3-4E56-9150-177A034507DC}.Debug|x86.ActiveCfg = Debug|Any CPU
		{8CB808CC-6CB3-4E56-9150-177A034507DC}.Debug|x86.Build.0 = Debug|Any CPU
		{8CB808CC-6CB3-4E56-9150-177A034507DC}.Release|Any CPU.ActiveCfg = Release|Any CPU
		{8CB808CC-6CB3-4E56-9150-177A034507DC}.Release|Any CPU.Build.0 = Release|Any CPU
		{8CB808CC-6CB3-4E56-9150-177A034507DC}.Release|ARM.ActiveCfg = Release|Any CPU
		{8CB808CC-6CB3-4E56-9150-177A034507DC}.Release|ARM.Build.0 = Release|Any CPU
		{8CB808CC-6CB3-4E56-9150-177A034507DC}.Release|x64.ActiveCfg = Release|Any CPU
		{8CB808CC-6CB3-4E56-9150-177A034507DC}.Release|x64.Build.0 = Release|Any CPU
		{8CB808CC-6CB3-4E56-9150-177A034507DC}.Release|x86.ActiveCfg = Release|Any CPU
		{8CB808CC-6CB3-4E56-9150-177A034507DC}.Release|x86.Build.0 = Release|Any CPU
		{5AFC047C-2BBC-41C7-8BB7-1A58BA92DA59}.Debug|Any CPU.ActiveCfg = Debug|Any CPU
		{5AFC047C-2BBC-41C7-8BB7-1A58BA92DA59}.Debug|Any CPU.Build.0 = Debug|Any CPU
		{5AFC047C-2BBC-41C7-8BB7-1A58BA92DA59}.Debug|ARM.ActiveCfg = Debug|Any CPU
		{5AFC047C-2BBC-41C7-8BB7-1A58BA92DA59}.Debug|ARM.Build.0 = Debug|Any CPU
		{5AFC047C-2BBC-41C7-8BB7-1A58BA92DA59}.Debug|x64.ActiveCfg = Debug|Any CPU
		{5AFC047C-2BBC-41C7-8BB7-1A58BA92DA59}.Debug|x64.Build.0 = Debug|Any CPU
		{5AFC047C-2BBC-41C7-8BB7-1A58BA92DA59}.Debug|x86.ActiveCfg = Debug|Any CPU
		{5AFC047C-2BBC-41C7-8BB7-1A58BA92DA59}.Debug|x86.Build.0 = Debug|Any CPU
		{5AFC047C-2BBC-41C7-8BB7-1A58BA92DA59}.Release|Any CPU.ActiveCfg = Release|Any CPU
		{5AFC047C-2BBC-41C7-8BB7-1A58BA92DA59}.Release|Any CPU.Build.0 = Release|Any CPU
		{5AFC047C-2BBC-41C7-8BB7-1A58BA92DA59}.Release|ARM.ActiveCfg = Release|Any CPU
		{5AFC047C-2BBC-41C7-8BB7-1A58BA92DA59}.Release|ARM.Build.0 = Release|Any CPU
		{5AFC047C-2BBC-41C7-8BB7-1A58BA92DA59}.Release|x64.ActiveCfg = Release|Any CPU
		{5AFC047C-2BBC-41C7-8BB7-1A58BA92DA59}.Release|x64.Build.0 = Release|Any CPU
		{5AFC047C-2BBC-41C7-8BB7-1A58BA92DA59}.Release|x86.ActiveCfg = Release|Any CPU
		{5AFC047C-2BBC-41C7-8BB7-1A58BA92DA59}.Release|x86.Build.0 = Release|Any CPU
		{9B024C79-F979-40EA-B8D0-FEDBBE88D380}.Debug|Any CPU.ActiveCfg = Debug|Any CPU
		{9B024C79-F979-40EA-B8D0-FEDBBE88D380}.Debug|Any CPU.Build.0 = Debug|Any CPU
		{9B024C79-F979-40EA-B8D0-FEDBBE88D380}.Debug|ARM.ActiveCfg = Debug|Any CPU
		{9B024C79-F979-40EA-B8D0-FEDBBE88D380}.Debug|ARM.Build.0 = Debug|Any CPU
		{9B024C79-F979-40EA-B8D0-FEDBBE88D380}.Debug|x64.ActiveCfg = Debug|Any CPU
		{9B024C79-F979-40EA-B8D0-FEDBBE88D380}.Debug|x64.Build.0 = Debug|Any CPU
		{9B024C79-F979-40EA-B8D0-FEDBBE88D380}.Debug|x86.ActiveCfg = Debug|Any CPU
		{9B024C79-F979-40EA-B8D0-FEDBBE88D380}.Debug|x86.Build.0 = Debug|Any CPU
		{9B024C79-F979-40EA-B8D0-FEDBBE88D380}.Release|Any CPU.ActiveCfg = Release|Any CPU
		{9B024C79-F979-40EA-B8D0-FEDBBE88D380}.Release|Any CPU.Build.0 = Release|Any CPU
		{9B024C79-F979-40EA-B8D0-FEDBBE88D380}.Release|ARM.ActiveCfg = Release|Any CPU
		{9B024C79-F979-40EA-B8D0-FEDBBE88D380}.Release|ARM.Build.0 = Release|Any CPU
		{9B024C79-F979-40EA-B8D0-FEDBBE88D380}.Release|x64.ActiveCfg = Release|Any CPU
		{9B024C79-F979-40EA-B8D0-FEDBBE88D380}.Release|x64.Build.0 = Release|Any CPU
		{9B024C79-F979-40EA-B8D0-FEDBBE88D380}.Release|x86.ActiveCfg = Release|Any CPU
		{9B024C79-F979-40EA-B8D0-FEDBBE88D380}.Release|x86.Build.0 = Release|Any CPU
		{DB8029DD-25F4-451E-B389-83C9F67CEF22}.Debug|Any CPU.ActiveCfg = Debug|Any CPU
		{DB8029DD-25F4-451E-B389-83C9F67CEF22}.Debug|Any CPU.Build.0 = Debug|Any CPU
		{DB8029DD-25F4-451E-B389-83C9F67CEF22}.Debug|ARM.ActiveCfg = Debug|Any CPU
		{DB8029DD-25F4-451E-B389-83C9F67CEF22}.Debug|ARM.Build.0 = Debug|Any CPU
		{DB8029DD-25F4-451E-B389-83C9F67CEF22}.Debug|x64.ActiveCfg = Debug|Any CPU
		{DB8029DD-25F4-451E-B389-83C9F67CEF22}.Debug|x64.Build.0 = Debug|Any CPU
		{DB8029DD-25F4-451E-B389-83C9F67CEF22}.Debug|x86.ActiveCfg = Debug|Any CPU
		{DB8029DD-25F4-451E-B389-83C9F67CEF22}.Debug|x86.Build.0 = Debug|Any CPU
		{DB8029DD-25F4-451E-B389-83C9F67CEF22}.Release|Any CPU.ActiveCfg = Release|Any CPU
		{DB8029DD-25F4-451E-B389-83C9F67CEF22}.Release|Any CPU.Build.0 = Release|Any CPU
		{DB8029DD-25F4-451E-B389-83C9F67CEF22}.Release|ARM.ActiveCfg = Release|Any CPU
		{DB8029DD-25F4-451E-B389-83C9F67CEF22}.Release|ARM.Build.0 = Release|Any CPU
		{DB8029DD-25F4-451E-B389-83C9F67CEF22}.Release|x64.ActiveCfg = Release|Any CPU
		{DB8029DD-25F4-451E-B389-83C9F67CEF22}.Release|x64.Build.0 = Release|Any CPU
		{DB8029DD-25F4-451E-B389-83C9F67CEF22}.Release|x86.ActiveCfg = Release|Any CPU
		{DB8029DD-25F4-451E-B389-83C9F67CEF22}.Release|x86.Build.0 = Release|Any CPU
		{9743A710-75DB-4CB8-8E75-ACE1ED254649}.Debug|Any CPU.ActiveCfg = Debug|Any CPU
		{9743A710-75DB-4CB8-8E75-ACE1ED254649}.Debug|Any CPU.Build.0 = Debug|Any CPU
		{9743A710-75DB-4CB8-8E75-ACE1ED254649}.Debug|ARM.ActiveCfg = Debug|Any CPU
		{9743A710-75DB-4CB8-8E75-ACE1ED254649}.Debug|ARM.Build.0 = Debug|Any CPU
		{9743A710-75DB-4CB8-8E75-ACE1ED254649}.Debug|x64.ActiveCfg = Debug|Any CPU
		{9743A710-75DB-4CB8-8E75-ACE1ED254649}.Debug|x64.Build.0 = Debug|Any CPU
		{9743A710-75DB-4CB8-8E75-ACE1ED254649}.Debug|x86.ActiveCfg = Debug|Any CPU
		{9743A710-75DB-4CB8-8E75-ACE1ED254649}.Debug|x86.Build.0 = Debug|Any CPU
		{9743A710-75DB-4CB8-8E75-ACE1ED254649}.Release|Any CPU.ActiveCfg = Release|Any CPU
		{9743A710-75DB-4CB8-8E75-ACE1ED254649}.Release|Any CPU.Build.0 = Release|Any CPU
		{9743A710-75DB-4CB8-8E75-ACE1ED254649}.Release|ARM.ActiveCfg = Release|Any CPU
		{9743A710-75DB-4CB8-8E75-ACE1ED254649}.Release|ARM.Build.0 = Release|Any CPU
		{9743A710-75DB-4CB8-8E75-ACE1ED254649}.Release|x64.ActiveCfg = Release|Any CPU
		{9743A710-75DB-4CB8-8E75-ACE1ED254649}.Release|x64.Build.0 = Release|Any CPU
		{9743A710-75DB-4CB8-8E75-ACE1ED254649}.Release|x86.ActiveCfg = Release|Any CPU
		{9743A710-75DB-4CB8-8E75-ACE1ED254649}.Release|x86.Build.0 = Release|Any CPU
		{45DD4005-D9CA-4B9F-97AC-43EC56485BC7}.Debug|Any CPU.ActiveCfg = Debug|Any CPU
		{45DD4005-D9CA-4B9F-97AC-43EC56485BC7}.Debug|Any CPU.Build.0 = Debug|Any CPU
		{45DD4005-D9CA-4B9F-97AC-43EC56485BC7}.Debug|ARM.ActiveCfg = Debug|Any CPU
		{45DD4005-D9CA-4B9F-97AC-43EC56485BC7}.Debug|ARM.Build.0 = Debug|Any CPU
		{45DD4005-D9CA-4B9F-97AC-43EC56485BC7}.Debug|x64.ActiveCfg = Debug|Any CPU
		{45DD4005-D9CA-4B9F-97AC-43EC56485BC7}.Debug|x64.Build.0 = Debug|Any CPU
		{45DD4005-D9CA-4B9F-97AC-43EC56485BC7}.Debug|x86.ActiveCfg = Debug|Any CPU
		{45DD4005-D9CA-4B9F-97AC-43EC56485BC7}.Debug|x86.Build.0 = Debug|Any CPU
		{45DD4005-D9CA-4B9F-97AC-43EC56485BC7}.Release|Any CPU.ActiveCfg = Release|Any CPU
		{45DD4005-D9CA-4B9F-97AC-43EC56485BC7}.Release|Any CPU.Build.0 = Release|Any CPU
		{45DD4005-D9CA-4B9F-97AC-43EC56485BC7}.Release|ARM.ActiveCfg = Release|Any CPU
		{45DD4005-D9CA-4B9F-97AC-43EC56485BC7}.Release|ARM.Build.0 = Release|Any CPU
		{45DD4005-D9CA-4B9F-97AC-43EC56485BC7}.Release|x64.ActiveCfg = Release|Any CPU
		{45DD4005-D9CA-4B9F-97AC-43EC56485BC7}.Release|x64.Build.0 = Release|Any CPU
		{45DD4005-D9CA-4B9F-97AC-43EC56485BC7}.Release|x86.ActiveCfg = Release|Any CPU
		{45DD4005-D9CA-4B9F-97AC-43EC56485BC7}.Release|x86.Build.0 = Release|Any CPU
		{54577F5A-256F-4B90-A684-6088F3CA6291}.Debug|Any CPU.ActiveCfg = Debug|Any CPU
		{54577F5A-256F-4B90-A684-6088F3CA6291}.Debug|Any CPU.Build.0 = Debug|Any CPU
		{54577F5A-256F-4B90-A684-6088F3CA6291}.Debug|ARM.ActiveCfg = Debug|Any CPU
		{54577F5A-256F-4B90-A684-6088F3CA6291}.Debug|ARM.Build.0 = Debug|Any CPU
		{54577F5A-256F-4B90-A684-6088F3CA6291}.Debug|x64.ActiveCfg = Debug|Any CPU
		{54577F5A-256F-4B90-A684-6088F3CA6291}.Debug|x64.Build.0 = Debug|Any CPU
		{54577F5A-256F-4B90-A684-6088F3CA6291}.Debug|x86.ActiveCfg = Debug|Any CPU
		{54577F5A-256F-4B90-A684-6088F3CA6291}.Debug|x86.Build.0 = Debug|Any CPU
		{54577F5A-256F-4B90-A684-6088F3CA6291}.Release|Any CPU.ActiveCfg = Release|Any CPU
		{54577F5A-256F-4B90-A684-6088F3CA6291}.Release|Any CPU.Build.0 = Release|Any CPU
		{54577F5A-256F-4B90-A684-6088F3CA6291}.Release|ARM.ActiveCfg = Release|Any CPU
		{54577F5A-256F-4B90-A684-6088F3CA6291}.Release|ARM.Build.0 = Release|Any CPU
		{54577F5A-256F-4B90-A684-6088F3CA6291}.Release|x64.ActiveCfg = Release|Any CPU
		{54577F5A-256F-4B90-A684-6088F3CA6291}.Release|x64.Build.0 = Release|Any CPU
		{54577F5A-256F-4B90-A684-6088F3CA6291}.Release|x86.ActiveCfg = Release|Any CPU
		{54577F5A-256F-4B90-A684-6088F3CA6291}.Release|x86.Build.0 = Release|Any CPU
		{E4FEE35F-13DC-4234-A8C9-C2A14BA6FD17}.Debug|Any CPU.ActiveCfg = Debug|Any CPU
		{E4FEE35F-13DC-4234-A8C9-C2A14BA6FD17}.Debug|Any CPU.Build.0 = Debug|Any CPU
		{E4FEE35F-13DC-4234-A8C9-C2A14BA6FD17}.Debug|ARM.ActiveCfg = Debug|ARM
		{E4FEE35F-13DC-4234-A8C9-C2A14BA6FD17}.Debug|ARM.Build.0 = Debug|ARM
		{E4FEE35F-13DC-4234-A8C9-C2A14BA6FD17}.Debug|x64.ActiveCfg = Debug|x64
		{E4FEE35F-13DC-4234-A8C9-C2A14BA6FD17}.Debug|x64.Build.0 = Debug|x64
		{E4FEE35F-13DC-4234-A8C9-C2A14BA6FD17}.Debug|x86.ActiveCfg = Debug|x86
		{E4FEE35F-13DC-4234-A8C9-C2A14BA6FD17}.Debug|x86.Build.0 = Debug|x86
		{E4FEE35F-13DC-4234-A8C9-C2A14BA6FD17}.Release|Any CPU.ActiveCfg = Release|Any CPU
		{E4FEE35F-13DC-4234-A8C9-C2A14BA6FD17}.Release|Any CPU.Build.0 = Release|Any CPU
		{E4FEE35F-13DC-4234-A8C9-C2A14BA6FD17}.Release|ARM.ActiveCfg = Release|ARM
		{E4FEE35F-13DC-4234-A8C9-C2A14BA6FD17}.Release|ARM.Build.0 = Release|ARM
		{E4FEE35F-13DC-4234-A8C9-C2A14BA6FD17}.Release|x64.ActiveCfg = Release|x64
		{E4FEE35F-13DC-4234-A8C9-C2A14BA6FD17}.Release|x64.Build.0 = Release|x64
		{E4FEE35F-13DC-4234-A8C9-C2A14BA6FD17}.Release|x86.ActiveCfg = Release|x86
		{E4FEE35F-13DC-4234-A8C9-C2A14BA6FD17}.Release|x86.Build.0 = Release|x86
		{D9AFC7C2-1919-43B8-B727-03198025434C}.Debug|Any CPU.ActiveCfg = Debug|x86
		{D9AFC7C2-1919-43B8-B727-03198025434C}.Debug|Any CPU.Build.0 = Debug|x86
		{D9AFC7C2-1919-43B8-B727-03198025434C}.Debug|ARM.ActiveCfg = Debug|ARM
		{D9AFC7C2-1919-43B8-B727-03198025434C}.Debug|ARM.Build.0 = Debug|ARM
		{D9AFC7C2-1919-43B8-B727-03198025434C}.Debug|x64.ActiveCfg = Debug|x64
		{D9AFC7C2-1919-43B8-B727-03198025434C}.Debug|x64.Build.0 = Debug|x64
		{D9AFC7C2-1919-43B8-B727-03198025434C}.Debug|x86.ActiveCfg = Debug|x86
		{D9AFC7C2-1919-43B8-B727-03198025434C}.Debug|x86.Build.0 = Debug|x86
		{D9AFC7C2-1919-43B8-B727-03198025434C}.Release|Any CPU.ActiveCfg = Release|x86
		{D9AFC7C2-1919-43B8-B727-03198025434C}.Release|ARM.ActiveCfg = Release|ARM
		{D9AFC7C2-1919-43B8-B727-03198025434C}.Release|ARM.Build.0 = Release|ARM
		{D9AFC7C2-1919-43B8-B727-03198025434C}.Release|x64.ActiveCfg = Release|x64
		{D9AFC7C2-1919-43B8-B727-03198025434C}.Release|x64.Build.0 = Release|x64
		{D9AFC7C2-1919-43B8-B727-03198025434C}.Release|x86.ActiveCfg = Release|x86
		{D9AFC7C2-1919-43B8-B727-03198025434C}.Release|x86.Build.0 = Release|x86
		{DC30CE66-DAEE-4CCF-BD02-8837FE918B6F}.Debug|Any CPU.ActiveCfg = Debug|x86
		{DC30CE66-DAEE-4CCF-BD02-8837FE918B6F}.Debug|Any CPU.Build.0 = Debug|x86
		{DC30CE66-DAEE-4CCF-BD02-8837FE918B6F}.Debug|Any CPU.Deploy.0 = Debug|x86
		{DC30CE66-DAEE-4CCF-BD02-8837FE918B6F}.Debug|ARM.ActiveCfg = Debug|ARM
		{DC30CE66-DAEE-4CCF-BD02-8837FE918B6F}.Debug|ARM.Build.0 = Debug|ARM
		{DC30CE66-DAEE-4CCF-BD02-8837FE918B6F}.Debug|ARM.Deploy.0 = Debug|ARM
		{DC30CE66-DAEE-4CCF-BD02-8837FE918B6F}.Debug|x64.ActiveCfg = Debug|x64
		{DC30CE66-DAEE-4CCF-BD02-8837FE918B6F}.Debug|x64.Build.0 = Debug|x64
		{DC30CE66-DAEE-4CCF-BD02-8837FE918B6F}.Debug|x64.Deploy.0 = Debug|x64
		{DC30CE66-DAEE-4CCF-BD02-8837FE918B6F}.Debug|x86.ActiveCfg = Debug|x86
		{DC30CE66-DAEE-4CCF-BD02-8837FE918B6F}.Debug|x86.Build.0 = Debug|x86
		{DC30CE66-DAEE-4CCF-BD02-8837FE918B6F}.Debug|x86.Deploy.0 = Debug|x86
		{DC30CE66-DAEE-4CCF-BD02-8837FE918B6F}.Release|Any CPU.ActiveCfg = Release|x86
		{DC30CE66-DAEE-4CCF-BD02-8837FE918B6F}.Release|ARM.ActiveCfg = Release|ARM
		{DC30CE66-DAEE-4CCF-BD02-8837FE918B6F}.Release|ARM.Build.0 = Release|ARM
		{DC30CE66-DAEE-4CCF-BD02-8837FE918B6F}.Release|ARM.Deploy.0 = Release|ARM
		{DC30CE66-DAEE-4CCF-BD02-8837FE918B6F}.Release|x64.ActiveCfg = Release|x64
		{DC30CE66-DAEE-4CCF-BD02-8837FE918B6F}.Release|x64.Build.0 = Release|x64
		{DC30CE66-DAEE-4CCF-BD02-8837FE918B6F}.Release|x64.Deploy.0 = Release|x64
		{DC30CE66-DAEE-4CCF-BD02-8837FE918B6F}.Release|x86.ActiveCfg = Release|x86
		{DC30CE66-DAEE-4CCF-BD02-8837FE918B6F}.Release|x86.Build.0 = Release|x86
		{DC30CE66-DAEE-4CCF-BD02-8837FE918B6F}.Release|x86.Deploy.0 = Release|x86
	EndGlobalSection
	GlobalSection(SolutionProperties) = preSolution
		HideSolutionNode = FALSE
	EndGlobalSection
	GlobalSection(NestedProjects) = preSolution
		{8CB808CC-6CB3-4E56-9150-177A034507DC} = {8EA90A41-747A-4B41-BFD3-136D2F325DA6}
		{5AFC047C-2BBC-41C7-8BB7-1A58BA92DA59} = {8EA90A41-747A-4B41-BFD3-136D2F325DA6}
		{9B024C79-F979-40EA-B8D0-FEDBBE88D380} = {8EA90A41-747A-4B41-BFD3-136D2F325DA6}
		{DB8029DD-25F4-451E-B389-83C9F67CEF22} = {8EA90A41-747A-4B41-BFD3-136D2F325DA6}
		{9743A710-75DB-4CB8-8E75-ACE1ED254649} = {8EA90A41-747A-4B41-BFD3-136D2F325DA6}
		{45DD4005-D9CA-4B9F-97AC-43EC56485BC7} = {8EA90A41-747A-4B41-BFD3-136D2F325DA6}
	EndGlobalSection
	GlobalSection(TeamFoundationVersionControl) = preSolution
		SccNumberOfProjects = 12
		SccEnterpriseProvider = {4CA58AB2-18FA-4F8D-95D4-32DDF27D184C}
		SccTeamFoundationServer = https://vishalbhatt.visualstudio.com/defaultcollection
		SccLocalPath0 = .
		SccProjectUniqueName1 = Samples\\CreateDeviceIdentity\\CreateDeviceIdentity.csproj
		SccProjectTopLevelParentUniqueName1 = SmartHome.sln
		SccProjectName1 = Samples/CreateDeviceIdentity
		SccLocalPath1 = Samples\\CreateDeviceIdentity
		SccProjectUniqueName2 = Samples\\ProcessD2cInteractiveMessages\\ProcessD2cInteractiveMessages.csproj
		SccProjectTopLevelParentUniqueName2 = SmartHome.sln
		SccProjectName2 = Samples/ProcessD2cInteractiveMessages
		SccLocalPath2 = Samples\\ProcessD2cInteractiveMessages
		SccProjectUniqueName3 = Samples\\ProcessDeviceToCloudMessages\\ProcessDeviceToCloudMessages.csproj
		SccProjectTopLevelParentUniqueName3 = SmartHome.sln
		SccProjectName3 = Samples/ProcessDeviceToCloudMessages
		SccLocalPath3 = Samples\\ProcessDeviceToCloudMessages
		SccProjectUniqueName4 = Samples\\ReadDeviceToCloudMessages\\ReadDeviceToCloudMessages.csproj
		SccProjectTopLevelParentUniqueName4 = SmartHome.sln
		SccProjectName4 = Samples/ReadDeviceToCloudMessages
		SccLocalPath4 = Samples\\ReadDeviceToCloudMessages
		SccProjectUniqueName5 = Samples\\SendCloudToDevice\\SendCloudToDevice.csproj
		SccProjectTopLevelParentUniqueName5 = SmartHome.sln
		SccProjectName5 = Samples/SendCloudToDevice
		SccLocalPath5 = Samples\\SendCloudToDevice
		SccProjectUniqueName6 = Samples\\SimulatedDevice\\SimulatedDevice.csproj
		SccProjectTopLevelParentUniqueName6 = SmartHome.sln
		SccProjectName6 = Samples/SimulatedDevice
		SccLocalPath6 = Samples\\SimulatedDevice
		SccProjectUniqueName7 = SmartHome.Windows\\SmartHome.Windows.csproj
		SccProjectName7 = SmartHome.Windows
		SccLocalPath7 = SmartHome.Windows
		SccProjectUniqueName8 = SmartHome.Server\\SmartHome.Server.njsproj
		SccProjectName8 = SmartHome.Server
		SccLocalPath8 = SmartHome.Server
		SccProjectUniqueName9 = SmartHome.VoiceCommandService\\SmartHome.VoiceCommandService.csproj
		SccProjectName9 = SmartHome.VoiceCommandService
		SccLocalPath9 = SmartHome.VoiceCommandService
		SccProjectUniqueName10 = VoiceCommandService\\VoiceCommandService.csproj
		SccProjectName10 = VoiceCommandService
		SccLocalPath10 = VoiceCommandService
		SccProjectUniqueName11 = SmartHome.WindowsUniversal\\SmartHome.WindowsUniversal.csproj
		SccProjectName11 = SmartHome.WindowsUniversal
		SccLocalPath11 = SmartHome.WindowsUniversal
	EndGlobalSection
EndGlobal
